// !$*UTF8*$!
{
	archiveVersion = 1;
	classes = {
	};
	objectVersion = 46;
	objects = {

/* Begin PBXBuildFile section */
		4412A87D6089B9D779A84D58 /* libPods-myBuddy.a in Frameworks */ = {isa = PBXBuildFile; fileRef = 1D66073C8996CF29B52B1C3E /* libPods-myBuddy.a */; };
		5DC44BBF1C1281940005FCB9 /* FMDatabase.m in Sources */ = {isa = PBXBuildFile; fileRef = 5DC44BB41C1281930005FCB9 /* FMDatabase.m */; };
		5DC44BC01C1281940005FCB9 /* FMDatabaseAdditions.m in Sources */ = {isa = PBXBuildFile; fileRef = 5DC44BB61C1281930005FCB9 /* FMDatabaseAdditions.m */; };
		5DC44BC11C1281940005FCB9 /* FMDatabasePool.m in Sources */ = {isa = PBXBuildFile; fileRef = 5DC44BB81C1281930005FCB9 /* FMDatabasePool.m */; };
		5DC44BC21C1281940005FCB9 /* FMDatabaseQueue.m in Sources */ = {isa = PBXBuildFile; fileRef = 5DC44BBA1C1281930005FCB9 /* FMDatabaseQueue.m */; };
		5DC44BC31C1281940005FCB9 /* FMResultSet.m in Sources */ = {isa = PBXBuildFile; fileRef = 5DC44BBD1C1281930005FCB9 /* FMResultSet.m */; };
		5DE967B21C0EC6C600DC62F9 /* ListViewController.m in Sources */ = {isa = PBXBuildFile; fileRef = 5DE967B11C0EC6C600DC62F9 /* ListViewController.m */; };
		5DE967B51C0EC6EB00DC62F9 /* CameraViewController.m in Sources */ = {isa = PBXBuildFile; fileRef = 5DE967B41C0EC6EB00DC62F9 /* CameraViewController.m */; };
		5DE967B71C0ECAA900DC62F9 /* libsqlite3.0.tbd in Frameworks */ = {isa = PBXBuildFile; fileRef = 5DE967B61C0ECAA900DC62F9 /* libsqlite3.0.tbd */; };
		B800301C1C0F2B5A004B0565 /* Launch Screen.storyboard in Resources */ = {isa = PBXBuildFile; fileRef = B800301B1C0F2B5A004B0565 /* Launch Screen.storyboard */; };
		B80030221C0F3E50004B0565 /* LocalAuthentication.framework in Frameworks */ = {isa = PBXBuildFile; fileRef = B80030211C0F3E50004B0565 /* LocalAuthentication.framework */; };
		B80030251C0F47D9004B0565 /* StackView.m in Sources */ = {isa = PBXBuildFile; fileRef = B80030241C0F47D9004B0565 /* StackView.m */; };
		B800302A1C0F4DB7004B0565 /* Screenshot.png in Resources */ = {isa = PBXBuildFile; fileRef = B80030291C0F4DB7004B0565 /* Screenshot.png */; };
		B800302E1C0F8FFE004B0565 /* TabBarController.m in Sources */ = {isa = PBXBuildFile; fileRef = B800302D1C0F8FFE004B0565 /* TabBarController.m */; };
		B80D9D151C0C8CCE004A1FF6 /* main.m in Sources */ = {isa = PBXBuildFile; fileRef = B80D9D141C0C8CCE004A1FF6 /* main.m */; };
		B80D9D181C0C8CCE004A1FF6 /* AppDelegate.m in Sources */ = {isa = PBXBuildFile; fileRef = B80D9D171C0C8CCE004A1FF6 /* AppDelegate.m */; };
		B80D9D1B1C0C8CCE004A1FF6 /* ViewController.m in Sources */ = {isa = PBXBuildFile; fileRef = B80D9D1A1C0C8CCE004A1FF6 /* ViewController.m */; };
		B80D9D1E1C0C8CCE004A1FF6 /* Main.storyboard in Resources */ = {isa = PBXBuildFile; fileRef = B80D9D1C1C0C8CCE004A1FF6 /* Main.storyboard */; };
		B80D9D201C0C8CCE004A1FF6 /* Assets.xcassets in Resources */ = {isa = PBXBuildFile; fileRef = B80D9D1F1C0C8CCE004A1FF6 /* Assets.xcassets */; };
		B8192C981C0E26DD006E8E7E /* LoginViewController.m in Sources */ = {isa = PBXBuildFile; fileRef = B8192C971C0E26DD006E8E7E /* LoginViewController.m */; };
		B8192C9B1C0E319D006E8E7E /* LoginTextField.m in Sources */ = {isa = PBXBuildFile; fileRef = B8192C9A1C0E319D006E8E7E /* LoginTextField.m */; };
/* End PBXBuildFile section */

/* Begin PBXFileReference section */
		1D66073C8996CF29B52B1C3E /* libPods-myBuddy.a */ = {isa = PBXFileReference; explicitFileType = archive.ar; includeInIndex = 0; path = "libPods-myBuddy.a"; sourceTree = BUILT_PRODUCTS_DIR; };
		5DC44BB31C1281930005FCB9 /* FMDatabase.h */ = {isa = PBXFileReference; fileEncoding = 4; lastKnownFileType = sourcecode.c.h; path = FMDatabase.h; sourceTree = "<group>"; };
		5DC44BB41C1281930005FCB9 /* FMDatabase.m */ = {isa = PBXFileReference; fileEncoding = 4; lastKnownFileType = sourcecode.c.objc; path = FMDatabase.m; sourceTree = "<group>"; };
		5DC44BB51C1281930005FCB9 /* FMDatabaseAdditions.h */ = {isa = PBXFileReference; fileEncoding = 4; lastKnownFileType = sourcecode.c.h; path = FMDatabaseAdditions.h; sourceTree = "<group>"; };
		5DC44BB61C1281930005FCB9 /* FMDatabaseAdditions.m */ = {isa = PBXFileReference; fileEncoding = 4; lastKnownFileType = sourcecode.c.objc; path = FMDatabaseAdditions.m; sourceTree = "<group>"; };
		5DC44BB71C1281930005FCB9 /* FMDatabasePool.h */ = {isa = PBXFileReference; fileEncoding = 4; lastKnownFileType = sourcecode.c.h; path = FMDatabasePool.h; sourceTree = "<group>"; };
		5DC44BB81C1281930005FCB9 /* FMDatabasePool.m */ = {isa = PBXFileReference; fileEncoding = 4; lastKnownFileType = sourcecode.c.objc; path = FMDatabasePool.m; sourceTree = "<group>"; };
		5DC44BB91C1281930005FCB9 /* FMDatabaseQueue.h */ = {isa = PBXFileReference; fileEncoding = 4; lastKnownFileType = sourcecode.c.h; path = FMDatabaseQueue.h; sourceTree = "<group>"; };
		5DC44BBA1C1281930005FCB9 /* FMDatabaseQueue.m */ = {isa = PBXFileReference; fileEncoding = 4; lastKnownFileType = sourcecode.c.objc; path = FMDatabaseQueue.m; sourceTree = "<group>"; };
		5DC44BBB1C1281930005FCB9 /* FMDB.h */ = {isa = PBXFileReference; fileEncoding = 4; lastKnownFileType = sourcecode.c.h; path = FMDB.h; sourceTree = "<group>"; };
		5DC44BBC1C1281930005FCB9 /* FMResultSet.h */ = {isa = PBXFileReference; fileEncoding = 4; lastKnownFileType = sourcecode.c.h; path = FMResultSet.h; sourceTree = "<group>"; };
		5DC44BBD1C1281930005FCB9 /* FMResultSet.m */ = {isa = PBXFileReference; fileEncoding = 4; lastKnownFileType = sourcecode.c.objc; path = FMResultSet.m; sourceTree = "<group>"; };
		5DC44BBE1C1281940005FCB9 /* FMDatabase.h */ = {isa = PBXFileReference; fileEncoding = 4; lastKnownFileType = sourcecode.c.h; path = FMDatabase.h; sourceTree = "<group>"; };
		5DE967B01C0EC6C600DC62F9 /* ListViewController.h */ = {isa = PBXFileReference; fileEncoding = 4; lastKnownFileType = sourcecode.c.h; name = ListViewController.h; path = ../ListViewController.h; sourceTree = "<group>"; };
		5DE967B11C0EC6C600DC62F9 /* ListViewController.m */ = {isa = PBXFileReference; fileEncoding = 4; lastKnownFileType = sourcecode.c.objc; name = ListViewController.m; path = ../ListViewController.m; sourceTree = "<group>"; };
		5DE967B31C0EC6EB00DC62F9 /* CameraViewController.h */ = {isa = PBXFileReference; fileEncoding = 4; lastKnownFileType = sourcecode.c.h; name = CameraViewController.h; path = ../CameraViewController.h; sourceTree = "<group>"; };
		5DE967B41C0EC6EB00DC62F9 /* CameraViewController.m */ = {isa = PBXFileReference; fileEncoding = 4; lastKnownFileType = sourcecode.c.objc; name = CameraViewController.m; path = ../CameraViewController.m; sourceTree = "<group>"; };
		5DE967B61C0ECAA900DC62F9 /* libsqlite3.0.tbd */ = {isa = PBXFileReference; lastKnownFileType = "sourcecode.text-based-dylib-definition"; name = libsqlite3.0.tbd; path = usr/lib/libsqlite3.0.tbd; sourceTree = SDKROOT; };
		AEC124612D5D072C84ACE65F /* Pods-myBuddy.release.xcconfig */ = {isa = PBXFileReference; includeInIndex = 1; lastKnownFileType = text.xcconfig; name = "Pods-myBuddy.release.xcconfig"; path = "Pods/Target Support Files/Pods-myBuddy/Pods-myBuddy.release.xcconfig"; sourceTree = "<group>"; };
		B800301B1C0F2B5A004B0565 /* Launch Screen.storyboard */ = {isa = PBXFileReference; fileEncoding = 4; lastKnownFileType = file.storyboard; name = "Launch Screen.storyboard"; path = "../Launch Screen.storyboard"; sourceTree = "<group>"; };
		B80030211C0F3E50004B0565 /* LocalAuthentication.framework */ = {isa = PBXFileReference; lastKnownFileType = wrapper.framework; name = LocalAuthentication.framework; path = System/Library/Frameworks/LocalAuthentication.framework; sourceTree = SDKROOT; };
		B80030231C0F47D9004B0565 /* StackView.h */ = {isa = PBXFileReference; fileEncoding = 4; lastKnownFileType = sourcecode.c.h; path = StackView.h; sourceTree = "<group>"; };
		B80030241C0F47D9004B0565 /* StackView.m */ = {isa = PBXFileReference; fileEncoding = 4; lastKnownFileType = sourcecode.c.objc; path = StackView.m; sourceTree = "<group>"; };
		B80030291C0F4DB7004B0565 /* Screenshot.png */ = {isa = PBXFileReference; lastKnownFileType = image.png; path = Screenshot.png; sourceTree = "<group>"; };
		B800302C1C0F8FFE004B0565 /* TabBarController.h */ = {isa = PBXFileReference; fileEncoding = 4; lastKnownFileType = sourcecode.c.h; path = TabBarController.h; sourceTree = "<group>"; };
		B800302D1C0F8FFE004B0565 /* TabBarController.m */ = {isa = PBXFileReference; fileEncoding = 4; lastKnownFileType = sourcecode.c.objc; path = TabBarController.m; sourceTree = "<group>"; };
		B80D9D101C0C8CCE004A1FF6 /* myBuddy.app */ = {isa = PBXFileReference; explicitFileType = wrapper.application; includeInIndex = 0; path = myBuddy.app; sourceTree = BUILT_PRODUCTS_DIR; };
		B80D9D141C0C8CCE004A1FF6 /* main.m */ = {isa = PBXFileReference; lastKnownFileType = sourcecode.c.objc; path = main.m; sourceTree = "<group>"; };
		B80D9D161C0C8CCE004A1FF6 /* AppDelegate.h */ = {isa = PBXFileReference; lastKnownFileType = sourcecode.c.h; path = AppDelegate.h; sourceTree = "<group>"; };
		B80D9D171C0C8CCE004A1FF6 /* AppDelegate.m */ = {isa = PBXFileReference; lastKnownFileType = sourcecode.c.objc; path = AppDelegate.m; sourceTree = "<group>"; };
		B80D9D191C0C8CCE004A1FF6 /* ViewController.h */ = {isa = PBXFileReference; lastKnownFileType = sourcecode.c.h; path = ViewController.h; sourceTree = "<group>"; };
		B80D9D1A1C0C8CCE004A1FF6 /* ViewController.m */ = {isa = PBXFileReference; lastKnownFileType = sourcecode.c.objc; path = ViewController.m; sourceTree = "<group>"; };
		B80D9D1D1C0C8CCE004A1FF6 /* Base */ = {isa = PBXFileReference; lastKnownFileType = file.storyboard; name = Base; path = Base.lproj/Main.storyboard; sourceTree = "<group>"; };
		B80D9D1F1C0C8CCE004A1FF6 /* Assets.xcassets */ = {isa = PBXFileReference; lastKnownFileType = folder.assetcatalog; path = Assets.xcassets; sourceTree = "<group>"; };
		B80D9D241C0C8CCE004A1FF6 /* Info.plist */ = {isa = PBXFileReference; lastKnownFileType = text.plist.xml; path = Info.plist; sourceTree = "<group>"; };
		B8192C961C0E26DD006E8E7E /* LoginViewController.h */ = {isa = PBXFileReference; fileEncoding = 4; lastKnownFileType = sourcecode.c.h; path = LoginViewController.h; sourceTree = "<group>"; };
		B8192C971C0E26DD006E8E7E /* LoginViewController.m */ = {isa = PBXFileReference; fileEncoding = 4; lastKnownFileType = sourcecode.c.objc; path = LoginViewController.m; sourceTree = "<group>"; };
		B8192C991C0E319D006E8E7E /* LoginTextField.h */ = {isa = PBXFileReference; fileEncoding = 4; lastKnownFileType = sourcecode.c.h; path = LoginTextField.h; sourceTree = "<group>"; };
		B8192C9A1C0E319D006E8E7E /* LoginTextField.m */ = {isa = PBXFileReference; fileEncoding = 4; lastKnownFileType = sourcecode.c.objc; path = LoginTextField.m; sourceTree = "<group>"; };
		D14065A071F8D4C71700CC4B /* Pods-myBuddy.debug.xcconfig */ = {isa = PBXFileReference; includeInIndex = 1; lastKnownFileType = text.xcconfig; name = "Pods-myBuddy.debug.xcconfig"; path = "Pods/Target Support Files/Pods-myBuddy/Pods-myBuddy.debug.xcconfig"; sourceTree = "<group>"; };
/* End PBXFileReference section */

/* Begin PBXFrameworksBuildPhase section */
		B80D9D0D1C0C8CCE004A1FF6 /* Frameworks */ = {
			isa = PBXFrameworksBuildPhase;
			buildActionMask = 2147483647;
			files = (
				B80030221C0F3E50004B0565 /* LocalAuthentication.framework in Frameworks */,
				5DE967B71C0ECAA900DC62F9 /* libsqlite3.0.tbd in Frameworks */,
				4412A87D6089B9D779A84D58 /* libPods-myBuddy.a in Frameworks */,
			);
			runOnlyForDeploymentPostprocessing = 0;
		};
/* End PBXFrameworksBuildPhase section */

/* Begin PBXGroup section */
		5DC44BB21C1281760005FCB9 /* FMdb */ = {
			isa = PBXGroup;
			children = (
				5DC44BB31C1281930005FCB9 /* FMDatabase.h */,
				5DC44BB41C1281930005FCB9 /* FMDatabase.m */,
				5DC44BB51C1281930005FCB9 /* FMDatabaseAdditions.h */,
				5DC44BB61C1281930005FCB9 /* FMDatabaseAdditions.m */,
				5DC44BB71C1281930005FCB9 /* FMDatabasePool.h */,
				5DC44BB81C1281930005FCB9 /* FMDatabasePool.m */,
				5DC44BB91C1281930005FCB9 /* FMDatabaseQueue.h */,
				5DC44BBA1C1281930005FCB9 /* FMDatabaseQueue.m */,
				5DC44BBB1C1281930005FCB9 /* FMDB.h */,
				5DC44BBC1C1281930005FCB9 /* FMResultSet.h */,
				5DC44BBD1C1281930005FCB9 /* FMResultSet.m */,
				5DC44BBE1C1281940005FCB9 /* FMDatabase.h */,
			);
			name = FMdb;
			sourceTree = "<group>";
		};
		AC33D071CA334890E0057192 /* Pods */ = {
			isa = PBXGroup;
			children = (
				D14065A071F8D4C71700CC4B /* Pods-myBuddy.debug.xcconfig */,
				AEC124612D5D072C84ACE65F /* Pods-myBuddy.release.xcconfig */,
			);
			name = Pods;
			sourceTree = "<group>";
		};
		B800302B1C0F54CC004B0565 /* AnimationViews */ = {
			isa = PBXGroup;
			children = (
				B80030291C0F4DB7004B0565 /* Screenshot.png */,
				B80030231C0F47D9004B0565 /* StackView.h */,
				B80030241C0F47D9004B0565 /* StackView.m */,
			);
			name = AnimationViews;
			sourceTree = "<group>";
		};
		B80D9D071C0C8CCD004A1FF6 = {
			isa = PBXGroup;
			children = (
				5DC44BB21C1281760005FCB9 /* FMdb */,
				B80030211C0F3E50004B0565 /* LocalAuthentication.framework */,
				5DE967B61C0ECAA900DC62F9 /* libsqlite3.0.tbd */,
				B80D9D121C0C8CCE004A1FF6 /* myBuddy */,
				B80D9D111C0C8CCE004A1FF6 /* Products */,
				AC33D071CA334890E0057192 /* Pods */,
				EE7F6399C0D8598BA76BA772 /* Frameworks */,
			);
			sourceTree = "<group>";
		};
		B80D9D111C0C8CCE004A1FF6 /* Products */ = {
			isa = PBXGroup;
			children = (
				B80D9D101C0C8CCE004A1FF6 /* myBuddy.app */,
			);
			name = Products;
			sourceTree = "<group>";
		};
		B80D9D121C0C8CCE004A1FF6 /* myBuddy */ = {
			isa = PBXGroup;
			children = (
				B80D9D161C0C8CCE004A1FF6 /* AppDelegate.h */,
				B80D9D171C0C8CCE004A1FF6 /* AppDelegate.m */,
				B80D9D191C0C8CCE004A1FF6 /* ViewController.h */,
				B80D9D1A1C0C8CCE004A1FF6 /* ViewController.m */,
				B8192C961C0E26DD006E8E7E /* LoginViewController.h */,
				B8192C971C0E26DD006E8E7E /* LoginViewController.m */,
				B8192C991C0E319D006E8E7E /* LoginTextField.h */,
				B8192C9A1C0E319D006E8E7E /* LoginTextField.m */,
				5DE967B31C0EC6EB00DC62F9 /* CameraViewController.h */,
				5DE967B41C0EC6EB00DC62F9 /* CameraViewController.m */,
				5DE967B01C0EC6C600DC62F9 /* ListViewController.h */,
				5DE967B11C0EC6C600DC62F9 /* ListViewController.m */,
				B800302C1C0F8FFE004B0565 /* TabBarController.h */,
				B800302D1C0F8FFE004B0565 /* TabBarController.m */,
				B800302B1C0F54CC004B0565 /* AnimationViews */,
				B80D9D1C1C0C8CCE004A1FF6 /* Main.storyboard */,
				B800301B1C0F2B5A004B0565 /* Launch Screen.storyboard */,
				B80D9D1F1C0C8CCE004A1FF6 /* Assets.xcassets */,
				B80D9D241C0C8CCE004A1FF6 /* Info.plist */,
				B80D9D131C0C8CCE004A1FF6 /* Supporting Files */,
			);
			path = myBuddy;
			sourceTree = "<group>";
		};
		B80D9D131C0C8CCE004A1FF6 /* Supporting Files */ = {
			isa = PBXGroup;
			children = (
				B80D9D141C0C8CCE004A1FF6 /* main.m */,
			);
			name = "Supporting Files";
			sourceTree = "<group>";
		};
		EE7F6399C0D8598BA76BA772 /* Frameworks */ = {
			isa = PBXGroup;
			children = (
				1D66073C8996CF29B52B1C3E /* libPods-myBuddy.a */,
			);
			name = Frameworks;
			sourceTree = "<group>";
		};
/* End PBXGroup section */

/* Begin PBXNativeTarget section */
		B80D9D0F1C0C8CCE004A1FF6 /* myBuddy */ = {
			isa = PBXNativeTarget;
			buildConfigurationList = B80D9D271C0C8CCE004A1FF6 /* Build configuration list for PBXNativeTarget "myBuddy" */;
			buildPhases = (
				FE5DFA0430CEB86763DAB38F /* Check Pods Manifest.lock */,
				B80D9D0C1C0C8CCE004A1FF6 /* Sources */,
				B80D9D0D1C0C8CCE004A1FF6 /* Frameworks */,
				B80D9D0E1C0C8CCE004A1FF6 /* Resources */,
				6A6EA873E10BD3EA9607369B /* Embed Pods Frameworks */,
				40A9ACC41350B170CE94BE1D /* Copy Pods Resources */,
			);
			buildRules = (
			);
			dependencies = (
			);
			name = myBuddy;
			productName = myBuddy;
			productReference = B80D9D101C0C8CCE004A1FF6 /* myBuddy.app */;
			productType = "com.apple.product-type.application";
		};
/* End PBXNativeTarget section */

/* Begin PBXProject section */
		B80D9D081C0C8CCE004A1FF6 /* Project object */ = {
			isa = PBXProject;
			attributes = {
				LastUpgradeCheck = 0710;
				ORGANIZATIONNAME = "Venkata Maniteja";
				TargetAttributes = {
					B80D9D0F1C0C8CCE004A1FF6 = {
						CreatedOnToolsVersion = 7.1.1;
					};
				};
			};
			buildConfigurationList = B80D9D0B1C0C8CCE004A1FF6 /* Build configuration list for PBXProject "myBuddy" */;
			compatibilityVersion = "Xcode 3.2";
			developmentRegion = English;
			hasScannedForEncodings = 0;
			knownRegions = (
				en,
				Base,
			);
			mainGroup = B80D9D071C0C8CCD004A1FF6;
			productRefGroup = B80D9D111C0C8CCE004A1FF6 /* Products */;
			projectDirPath = "";
			projectRoot = "";
			targets = (
				B80D9D0F1C0C8CCE004A1FF6 /* myBuddy */,
			);
		};
/* End PBXProject section */

/* Begin PBXResourcesBuildPhase section */
		B80D9D0E1C0C8CCE004A1FF6 /* Resources */ = {
			isa = PBXResourcesBuildPhase;
			buildActionMask = 2147483647;
			files = (
				B800301C1C0F2B5A004B0565 /* Launch Screen.storyboard in Resources */,
				B80D9D201C0C8CCE004A1FF6 /* Assets.xcassets in Resources */,
				B80D9D1E1C0C8CCE004A1FF6 /* Main.storyboard in Resources */,
				B800302A1C0F4DB7004B0565 /* Screenshot.png in Resources */,
			);
			runOnlyForDeploymentPostprocessing = 0;
		};
/* End PBXResourcesBuildPhase section */

/* Begin PBXShellScriptBuildPhase section */
		40A9ACC41350B170CE94BE1D /* Copy Pods Resources */ = {
			isa = PBXShellScriptBuildPhase;
			buildActionMask = 2147483647;
			files = (
			);
			inputPaths = (
			);
			name = "Copy Pods Resources";
			outputPaths = (
			);
			runOnlyForDeploymentPostprocessing = 0;
			shellPath = /bin/sh;
			shellScript = "\"${SRCROOT}/Pods/Target Support Files/Pods-myBuddy/Pods-myBuddy-resources.sh\"\n";
			showEnvVarsInLog = 0;
		};
		6A6EA873E10BD3EA9607369B /* Embed Pods Frameworks */ = {
			isa = PBXShellScriptBuildPhase;
			buildActionMask = 2147483647;
			files = (
			);
			inputPaths = (
			);
			name = "Embed Pods Frameworks";
			outputPaths = (
			);
			runOnlyForDeploymentPostprocessing = 0;
			shellPath = /bin/sh;
			shellScript = "\"${SRCROOT}/Pods/Target Support Files/Pods-myBuddy/Pods-myBuddy-frameworks.sh\"\n";
			showEnvVarsInLog = 0;
		};
		FE5DFA0430CEB86763DAB38F /* Check Pods Manifest.lock */ = {
			isa = PBXShellScriptBuildPhase;
			buildActionMask = 2147483647;
			files = (
			);
			inputPaths = (
			);
			name = "Check Pods Manifest.lock";
			outputPaths = (
			);
			runOnlyForDeploymentPostprocessing = 0;
			shellPath = /bin/sh;
			shellScript = "diff \"${PODS_ROOT}/../Podfile.lock\" \"${PODS_ROOT}/Manifest.lock\" > /dev/null\nif [[ $? != 0 ]] ; then\n    cat << EOM\nerror: The sandbox is not in sync with the Podfile.lock. Run 'pod install' or update your CocoaPods installation.\nEOM\n    exit 1\nfi\n";
			showEnvVarsInLog = 0;
		};
/* End PBXShellScriptBuildPhase section */

/* Begin PBXSourcesBuildPhase section */
		B80D9D0C1C0C8CCE004A1FF6 /* Sources */ = {
			isa = PBXSourcesBuildPhase;
			buildActionMask = 2147483647;
			files = (
				B8192C981C0E26DD006E8E7E /* LoginViewController.m in Sources */,
				5DC44BC11C1281940005FCB9 /* FMDatabasePool.m in Sources */,
				5DC44BC31C1281940005FCB9 /* FMResultSet.m in Sources */,
				B80D9D1B1C0C8CCE004A1FF6 /* ViewController.m in Sources */,
				5DE967B21C0EC6C600DC62F9 /* ListViewController.m in Sources */,
				5DC44BC21C1281940005FCB9 /* FMDatabaseQueue.m in Sources */,
				5DC44BBF1C1281940005FCB9 /* FMDatabase.m in Sources */,
				B800302E1C0F8FFE004B0565 /* TabBarController.m in Sources */,
				B80D9D181C0C8CCE004A1FF6 /* AppDelegate.m in Sources */,
				B80D9D151C0C8CCE004A1FF6 /* main.m in Sources */,
				5DC44BC01C1281940005FCB9 /* FMDatabaseAdditions.m in Sources */,
				5DE967B51C0EC6EB00DC62F9 /* CameraViewController.m in Sources */,
				B8192C9B1C0E319D006E8E7E /* LoginTextField.m in Sources */,
				B80030251C0F47D9004B0565 /* StackView.m in Sources */,
			);
			runOnlyForDeploymentPostprocessing = 0;
		};
/* End PBXSourcesBuildPhase section */

/* Begin PBXVariantGroup section */
		B80D9D1C1C0C8CCE004A1FF6 /* Main.storyboard */ = {
			isa = PBXVariantGroup;
			children = (
				B80D9D1D1C0C8CCE004A1FF6 /* Base */,
			);
			name = Main.storyboard;
			sourceTree = "<group>";
		};
/* End PBXVariantGroup section */

/* Begin XCBuildConfiguration section */
		B80D9D251C0C8CCE004A1FF6 /* Debug */ = {
			isa = XCBuildConfiguration;
			buildSettings = {
				ALWAYS_SEARCH_USER_PATHS = NO;
				CLANG_CXX_LANGUAGE_STANDARD = "gnu++0x";
				CLANG_CXX_LIBRARY = "libc++";
				CLANG_ENABLE_MODULES = YES;
				CLANG_ENABLE_OBJC_ARC = YES;
				CLANG_WARN_BOOL_CONVERSION = YES;
				CLANG_WARN_CONSTANT_CONVERSION = YES;
				CLANG_WARN_DIRECT_OBJC_ISA_USAGE = YES_ERROR;
				CLANG_WARN_EMPTY_BODY = YES;
				CLANG_WARN_ENUM_CONVERSION = YES;
				CLANG_WARN_INT_CONVERSION = YES;
				CLANG_WARN_OBJC_ROOT_CLASS = YES_ERROR;
				CLANG_WARN_UNREACHABLE_CODE = YES;
				CLANG_WARN__DUPLICATE_METHOD_MATCH = YES;
				"CODE_SIGN_IDENTITY[sdk=iphoneos*]" = "iPhone Developer";
				COPY_PHASE_STRIP = NO;
				DEBUG_INFORMATION_FORMAT = dwarf;
				ENABLE_STRICT_OBJC_MSGSEND = YES;
				ENABLE_TESTABILITY = YES;
				GCC_C_LANGUAGE_STANDARD = gnu99;
				GCC_DYNAMIC_NO_PIC = NO;
				GCC_NO_COMMON_BLOCKS = YES;
				GCC_OPTIMIZATION_LEVEL = 0;
				GCC_PREPROCESSOR_DEFINITIONS = (
					"DEBUG=1",
					"$(inherited)",
				);
				GCC_WARN_64_TO_32_BIT_CONVERSION = YES;
				GCC_WARN_ABOUT_RETURN_TYPE = YES_ERROR;
				GCC_WARN_UNDECLARED_SELECTOR = YES;
				GCC_WARN_UNINITIALIZED_AUTOS = YES_AGGRESSIVE;
				GCC_WARN_UNUSED_FUNCTION = YES;
				GCC_WARN_UNUSED_VARIABLE = YES;
				IPHONEOS_DEPLOYMENT_TARGET = 9.1;
				MTL_ENABLE_DEBUG_INFO = YES;
				ONLY_ACTIVE_ARCH = YES;
				SDKROOT = iphoneos;
			};
			name = Debug;
		};
		B80D9D261C0C8CCE004A1FF6 /* Release */ = {
			isa = XCBuildConfiguration;
			buildSettings = {
				ALWAYS_SEARCH_USER_PATHS = NO;
				CLANG_CXX_LANGUAGE_STANDARD = "gnu++0x";
				CLANG_CXX_LIBRARY = "libc++";
				CLANG_ENABLE_MODULES = YES;
				CLANG_ENABLE_OBJC_ARC = YES;
				CLANG_WARN_BOOL_CONVERSION = YES;
				CLANG_WARN_CONSTANT_CONVERSION = YES;
				CLANG_WARN_DIRECT_OBJC_ISA_USAGE = YES_ERROR;
				CLANG_WARN_EMPTY_BODY = YES;
				CLANG_WARN_ENUM_CONVERSION = YES;
				CLANG_WARN_INT_CONVERSION = YES;
				CLANG_WARN_OBJC_ROOT_CLASS = YES_ERROR;
				CLANG_WARN_UNREACHABLE_CODE = YES;
				CLANG_WARN__DUPLICATE_METHOD_MATCH = YES;
				"CODE_SIGN_IDENTITY[sdk=iphoneos*]" = "iPhone Developer";
				COPY_PHASE_STRIP = NO;
				DEBUG_INFORMATION_FORMAT = "dwarf-with-dsym";
				ENABLE_NS_ASSERTIONS = NO;
				ENABLE_STRICT_OBJC_MSGSEND = YES;
				GCC_C_LANGUAGE_STANDARD = gnu99;
				GCC_NO_COMMON_BLOCKS = YES;
				GCC_WARN_64_TO_32_BIT_CONVERSION = YES;
				GCC_WARN_ABOUT_RETURN_TYPE = YES_ERROR;
				GCC_WARN_UNDECLARED_SELECTOR = YES;
				GCC_WARN_UNINITIALIZED_AUTOS = YES_AGGRESSIVE;
				GCC_WARN_UNUSED_FUNCTION = YES;
				GCC_WARN_UNUSED_VARIABLE = YES;
				IPHONEOS_DEPLOYMENT_TARGET = 9.1;
				MTL_ENABLE_DEBUG_INFO = NO;
				SDKROOT = iphoneos;
				VALIDATE_PRODUCT = YES;
			};
			name = Release;
		};
		B80D9D281C0C8CCE004A1FF6 /* Debug */ = {
			isa = XCBuildConfiguration;
			baseConfigurationReference = D14065A071F8D4C71700CC4B /* Pods-myBuddy.debug.xcconfig */;
			buildSettings = {
				ASSETCATALOG_COMPILER_APPICON_NAME = AppIcon;
				INFOPLIST_FILE = myBuddy/Info.plist;
				LD_RUNPATH_SEARCH_PATHS = "$(inherited) @executable_path/Frameworks";
				PRODUCT_BUNDLE_IDENTIFIER = VenkataManiteja.myBuddy;
				PRODUCT_NAME = "$(TARGET_NAME)";
			};
			name = Debug;
		};
		B80D9D291C0C8CCE004A1FF6 /* Release */ = {
			isa = XCBuildConfiguration;
			baseConfigurationReference = AEC124612D5D072C84ACE65F /* Pods-myBuddy.release.xcconfig */;
			buildSettings = {
				ASSETCATALOG_COMPILER_APPICON_NAME = AppIcon;
				INFOPLIST_FILE = myBuddy/Info.plist;
				LD_RUNPATH_SEARCH_PATHS = "$(inherited) @executable_path/Frameworks";
				PRODUCT_BUNDLE_IDENTIFIER = VenkataManiteja.myBuddy;
				PRODUCT_NAME = "$(TARGET_NAME)";
			};
			name = Release;
		};
/* End XCBuildConfiguration section */

/* Begin XCConfigurationList section */
		B80D9D0B1C0C8CCE004A1FF6 /* Build configuration list for PBXProject "myBuddy" */ = {
			isa = XCConfigurationList;
			buildConfigurations = (
				B80D9D251C0C8CCE004A1FF6 /* Debug */,
				B80D9D261C0C8CCE004A1FF6 /* Release */,
			);
			defaultConfigurationIsVisible = 0;
			defaultConfigurationName = Release;
		};
		B80D9D271C0C8CCE004A1FF6 /* Build configuration list for PBXNativeTarget "myBuddy" */ = {
			isa = XCConfigurationList;
			buildConfigurations = (
				B80D9D281C0C8CCE004A1FF6 /* Debug */,
				B80D9D291C0C8CCE004A1FF6 /* Release */,
			);
			defaultConfigurationIsVisible = 0;
			defaultConfigurationName = Release;
		};
/* End XCConfigurationList section */
	};
	rootObject = B80D9D081C0C8CCE004A1FF6 /* Project object */;
}
